
Microsoft Visual Studio Solution File, Format Version 12.00
# Visual Studio 14
VisualStudioVersion = 14.0.25420.1
MinimumVisualStudioVersion = 10.0.40219.1
Project("{FAE04EC0-301F-11D3-BF4B-00C04F79EFBC}") = "Adquisoft", "Adquisoft\Adquisoft.csproj", "{C2EE33AF-4B70-4930-94AE-0C667AFF2FE1}"
EndProject
Project("{F088123C-0E9E-452A-89E6-6BA2F21D5CAC}") = "ModelingProject1", "ModelingProject1\ModelingProject1.modelproj", "{049346BE-7C74-46EE-87DC-4F202266403E}"
EndProject
Global
	GlobalSection(SolutionConfigurationPlatforms) = preSolution
		Debug|Any CPU = Debug|Any CPU
		Release|Any CPU = Release|Any CPU
	EndGlobalSection
	GlobalSection(ProjectConfigurationPlatforms) = postSolution
		{C2EE33AF-4B70-4930-94AE-0C667AFF2FE1}.Debug|Any CPU.ActiveCfg = Debug|Any CPU
		{C2EE33AF-4B70-4930-94AE-0C667AFF2FE1}.Debug|Any CPU.Build.0 = Debug|Any CPU
		{C2EE33AF-4B70-4930-94AE-0C667AFF2FE1}.Release|Any CPU.ActiveCfg = Release|Any CPU
		{C2EE33AF-4B70-4930-94AE-0C667AFF2FE1}.Release|Any CPU.Build.0 = Release|Any CPU
		{049346BE-7C74-46EE-87DC-4F202266403E}.Debug|Any CPU.ActiveCfg = Debug|Any CPU
		{049346BE-7C74-46EE-87DC-4F202266403E}.Debug|Any CPU.Build.0 = Debug|Any CPU
		{049346BE-7C74-46EE-87DC-4F202266403E}.Release|Any CPU.ActiveCfg = Release|Any CPU
		{049346BE-7C74-46EE-87DC-4F202266403E}.Release|Any CPU.Build.0 = Release|Any CPU
	EndGlobalSection
	GlobalSection(SolutionProperties) = preSolution
		HideSolutionNode = FALSE
	EndGlobalSection
EndGlobal
